{
	"name": "@cc-cli/core",
	"version": "1.0.0",
	"lockfileVersion": 2,
	"requires": true,
	"packages": {
		"": {
			"name": "@cc-cli/core",
			"version": "1.0.0",
			"license": "ISC",
			"bin": {
				"cc-cli": "lib/core.js"
			},
			"devDependencies": {
				"@cc-cli/utils": "file:../../utils/utils"
			}
		},
		"../../utils/utils": {
			"version": "1.0.0",
			"dev": true,
			"license": "ISC"
		},
		"node_modules/@cc-cli/utils": {
			"resolved": "../../utils/utils",
			"link": true
		}
	},
	"dependencies": {
		"@cc-cli/utils": {
			"version": "file:../../utils/utils"
		}
	}
}
